// !$*UTF8*$!
{
	archiveVersion = 1;
	classes = {
	};
	objectVersion = 55;
	objects = {

/* Begin PBXBuildFile section */
		BC645CC6280B13FE0032B699 /* AppDelegate.swift in Sources */ = {isa = PBXBuildFile; fileRef = BC645CC5280B13FE0032B699 /* AppDelegate.swift */; };
		BC645CC8280B13FE0032B699 /* SceneDelegate.swift in Sources */ = {isa = PBXBuildFile; fileRef = BC645CC7280B13FE0032B699 /* SceneDelegate.swift */; };
		BC645CCA280B13FE0032B699 /* ViewController.swift in Sources */ = {isa = PBXBuildFile; fileRef = BC645CC9280B13FE0032B699 /* ViewController.swift */; };
		BC645CCF280B14020032B699 /* Assets.xcassets in Resources */ = {isa = PBXBuildFile; fileRef = BC645CCE280B14020032B699 /* Assets.xcassets */; };
		BC645CD2280B14020032B699 /* LaunchScreen.storyboard in Resources */ = {isa = PBXBuildFile; fileRef = BC645CD0280B14020032B699 /* LaunchScreen.storyboard */; };
		BC645CE2280B44970032B699 /* TabBarDelegate.swift in Sources */ = {isa = PBXBuildFile; fileRef = BC645CE1280B44970032B699 /* TabBarDelegate.swift */; };
		BC645CE6280BEA420032B699 /* CoordinatorProtocol.swift in Sources */ = {isa = PBXBuildFile; fileRef = BC645CE5280BEA420032B699 /* CoordinatorProtocol.swift */; };
		BC645CE8280BEA7F0032B699 /* BaseCoordinator.swift in Sources */ = {isa = PBXBuildFile; fileRef = BC645CE7280BEA7F0032B699 /* BaseCoordinator.swift */; };
		BC645CEB280BEBA50032B699 /* HomeCoordinator.swift in Sources */ = {isa = PBXBuildFile; fileRef = BC645CEA280BEBA50032B699 /* HomeCoordinator.swift */; };
		BC645CED280BEBC60032B699 /* AppCoordinator.swift in Sources */ = {isa = PBXBuildFile; fileRef = BC645CEC280BEBC60032B699 /* AppCoordinator.swift */; };
		BC645CF2280BF6D80032B699 /* AllCollectionCoordinator.swift in Sources */ = {isa = PBXBuildFile; fileRef = BC645CF1280BF6D80032B699 /* AllCollectionCoordinator.swift */; };
		BC645CF8280BF74F0032B699 /* HomeFeature in Frameworks */ = {isa = PBXBuildFile; productRef = BC645CF7280BF74F0032B699 /* HomeFeature */; };
		BC645CFA280C1A700032B699 /* AllCollectionFeature in Frameworks */ = {isa = PBXBuildFile; productRef = BC645CF9280C1A700032B699 /* AllCollectionFeature */; };
/* End PBXBuildFile section */

/* Begin PBXFileReference section */
		BC645CC2280B13FE0032B699 /* ratpenat.app */ = {isa = PBXFileReference; explicitFileType = wrapper.application; includeInIndex = 0; path = ratpenat.app; sourceTree = BUILT_PRODUCTS_DIR; };
		BC645CC5280B13FE0032B699 /* AppDelegate.swift */ = {isa = PBXFileReference; lastKnownFileType = sourcecode.swift; path = AppDelegate.swift; sourceTree = "<group>"; };
		BC645CC7280B13FE0032B699 /* SceneDelegate.swift */ = {isa = PBXFileReference; lastKnownFileType = sourcecode.swift; path = SceneDelegate.swift; sourceTree = "<group>"; };
		BC645CC9280B13FE0032B699 /* ViewController.swift */ = {isa = PBXFileReference; lastKnownFileType = sourcecode.swift; path = ViewController.swift; sourceTree = "<group>"; };
		BC645CCE280B14020032B699 /* Assets.xcassets */ = {isa = PBXFileReference; lastKnownFileType = folder.assetcatalog; path = Assets.xcassets; sourceTree = "<group>"; };
		BC645CD1280B14020032B699 /* Base */ = {isa = PBXFileReference; lastKnownFileType = file.storyboard; name = Base; path = Base.lproj/LaunchScreen.storyboard; sourceTree = "<group>"; };
		BC645CD3280B14020032B699 /* Info.plist */ = {isa = PBXFileReference; lastKnownFileType = text.plist.xml; path = Info.plist; sourceTree = "<group>"; };
		BC645CE1280B44970032B699 /* TabBarDelegate.swift */ = {isa = PBXFileReference; lastKnownFileType = sourcecode.swift; path = TabBarDelegate.swift; sourceTree = "<group>"; };
		BC645CE5280BEA420032B699 /* CoordinatorProtocol.swift */ = {isa = PBXFileReference; lastKnownFileType = sourcecode.swift; path = CoordinatorProtocol.swift; sourceTree = "<group>"; };
		BC645CE7280BEA7F0032B699 /* BaseCoordinator.swift */ = {isa = PBXFileReference; lastKnownFileType = sourcecode.swift; path = BaseCoordinator.swift; sourceTree = "<group>"; };
		BC645CEA280BEBA50032B699 /* HomeCoordinator.swift */ = {isa = PBXFileReference; lastKnownFileType = sourcecode.swift; path = HomeCoordinator.swift; sourceTree = "<group>"; };
		BC645CEC280BEBC60032B699 /* AppCoordinator.swift */ = {isa = PBXFileReference; lastKnownFileType = sourcecode.swift; path = AppCoordinator.swift; sourceTree = "<group>"; };
		BC645CEF280BED700032B699 /* HomeFeature */ = {isa = PBXFileReference; lastKnownFileType = wrapper; path = HomeFeature; sourceTree = "<group>"; };
		BC645CF0280BEE070032B699 /* AllCollectionFeature */ = {isa = PBXFileReference; lastKnownFileType = wrapper; path = AllCollectionFeature; sourceTree = "<group>"; };
		BC645CF1280BF6D80032B699 /* AllCollectionCoordinator.swift */ = {isa = PBXFileReference; lastKnownFileType = sourcecode.swift; path = AllCollectionCoordinator.swift; sourceTree = "<group>"; };
/* End PBXFileReference section */

/* Begin PBXFrameworksBuildPhase section */
		BC645CBF280B13FE0032B699 /* Frameworks */ = {
			isa = PBXFrameworksBuildPhase;
			buildActionMask = 2147483647;
			files = (
				BC645CF8280BF74F0032B699 /* HomeFeature in Frameworks */,
				BC645CFA280C1A700032B699 /* AllCollectionFeature in Frameworks */,
			);
			runOnlyForDeploymentPostprocessing = 0;
		};
/* End PBXFrameworksBuildPhase section */

/* Begin PBXGroup section */
		BC645CB9280B13FE0032B699 = {
			isa = PBXGroup;
			children = (
				BC645CEE280BEC580032B699 /* Packages */,
				BC645CC4280B13FE0032B699 /* ratpenat */,
				BC645CC3280B13FE0032B699 /* Products */,
				BC645CF4280BF74B0032B699 /* Frameworks */,
			);
			sourceTree = "<group>";
		};
		BC645CC3280B13FE0032B699 /* Products */ = {
			isa = PBXGroup;
			children = (
				BC645CC2280B13FE0032B699 /* ratpenat.app */,
			);
			name = Products;
			sourceTree = "<group>";
		};
		BC645CC4280B13FE0032B699 /* ratpenat */ = {
			isa = PBXGroup;
			children = (
				BC645CE3280BEA240032B699 /* Coordinator */,
				BC645CC5280B13FE0032B699 /* AppDelegate.swift */,
				BC645CC7280B13FE0032B699 /* SceneDelegate.swift */,
				BC645CC9280B13FE0032B699 /* ViewController.swift */,
				BC645CCE280B14020032B699 /* Assets.xcassets */,
				BC645CD0280B14020032B699 /* LaunchScreen.storyboard */,
				BC645CD3280B14020032B699 /* Info.plist */,
				BC645CE1280B44970032B699 /* TabBarDelegate.swift */,
			);
			path = ratpenat;
			sourceTree = "<group>";
		};
		BC645CE3280BEA240032B699 /* Coordinator */ = {
			isa = PBXGroup;
			children = (
				BC645CE4280BEA2F0032B699 /* Base */,
				BC645CE9280BEB750032B699 /* Features */,
			);
			path = Coordinator;
			sourceTree = "<group>";
		};
		BC645CE4280BEA2F0032B699 /* Base */ = {
			isa = PBXGroup;
			children = (
				BC645CE5280BEA420032B699 /* CoordinatorProtocol.swift */,
				BC645CE7280BEA7F0032B699 /* BaseCoordinator.swift */,
			);
			path = Base;
			sourceTree = "<group>";
		};
		BC645CE9280BEB750032B699 /* Features */ = {
			isa = PBXGroup;
			children = (
				BC645CEC280BEBC60032B699 /* AppCoordinator.swift */,
				BC645CEA280BEBA50032B699 /* HomeCoordinator.swift */,
				BC645CF1280BF6D80032B699 /* AllCollectionCoordinator.swift */,
			);
			path = Features;
			sourceTree = "<group>";
		};
		BC645CEE280BEC580032B699 /* Packages */ = {
			isa = PBXGroup;
			children = (
				BC645CEF280BED700032B699 /* HomeFeature */,
				BC645CF0280BEE070032B699 /* AllCollectionFeature */,
			);
			path = Packages;
			sourceTree = "<group>";
		};
		BC645CF4280BF74B0032B699 /* Frameworks */ = {
			isa = PBXGroup;
			children = (
			);
			name = Frameworks;
			sourceTree = "<group>";
		};
/* End PBXGroup section */

/* Begin PBXNativeTarget section */
		BC645CC1280B13FE0032B699 /* ratpenat */ = {
			isa = PBXNativeTarget;
			buildConfigurationList = BC645CD6280B14020032B699 /* Build configuration list for PBXNativeTarget "ratpenat" */;
			buildPhases = (
				BC645CBE280B13FE0032B699 /* Sources */,
				BC645CBF280B13FE0032B699 /* Frameworks */,
				BC645CC0280B13FE0032B699 /* Resources */,
			);
			buildRules = (
			);
			dependencies = (
			);
			name = ratpenat;
			packageProductDependencies = (
				BC645CF7280BF74F0032B699 /* HomeFeature */,
				BC645CF9280C1A700032B699 /* AllCollectionFeature */,
			);
			productName = ratpenat;
			productReference = BC645CC2280B13FE0032B699 /* ratpenat.app */;
			productType = "com.apple.product-type.application";
		};
/* End PBXNativeTarget section */

/* Begin PBXProject section */
		BC645CBA280B13FE0032B699 /* Project object */ = {
			isa = PBXProject;
			attributes = {
				BuildIndependentTargetsInParallel = 1;
				LastSwiftUpdateCheck = 1330;
				LastUpgradeCheck = 1330;
				TargetAttributes = {
					BC645CC1280B13FE0032B699 = {
						CreatedOnToolsVersion = 13.3.1;
					};
				};
			};
			buildConfigurationList = BC645CBD280B13FE0032B699 /* Build configuration list for PBXProject "ratpenat" */;
			compatibilityVersion = "Xcode 13.0";
			developmentRegion = en;
			hasScannedForEncodings = 0;
			knownRegions = (
				en,
				Base,
			);
			mainGroup = BC645CB9280B13FE0032B699;
			productRefGroup = BC645CC3280B13FE0032B699 /* Products */;
			projectDirPath = "";
			projectRoot = "";
			targets = (
				BC645CC1280B13FE0032B699 /* ratpenat */,
			);
		};
/* End PBXProject section */

/* Begin PBXResourcesBuildPhase section */
		BC645CC0280B13FE0032B699 /* Resources */ = {
			isa = PBXResourcesBuildPhase;
			buildActionMask = 2147483647;
			files = (
				BC645CD2280B14020032B699 /* LaunchScreen.storyboard in Resources */,
				BC645CCF280B14020032B699 /* Assets.xcassets in Resources */,
			);
			runOnlyForDeploymentPostprocessing = 0;
		};
/* End PBXResourcesBuildPhase section */

/* Begin PBXSourcesBuildPhase section */
		BC645CBE280B13FE0032B699 /* Sources */ = {
			isa = PBXSourcesBuildPhase;
			buildActionMask = 2147483647;
			files = (
				BC645CED280BEBC60032B699 /* AppCoordinator.swift in Sources */,
				BC645CCA280B13FE0032B699 /* ViewController.swift in Sources */,
				BC645CE8280BEA7F0032B699 /* BaseCoordinator.swift in Sources */,
				BC645CE6280BEA420032B699 /* CoordinatorProtocol.swift in Sources */,
				BC645CF2280BF6D80032B699 /* AllCollectionCoordinator.swift in Sources */,
				BC645CC6280B13FE0032B699 /* AppDelegate.swift in Sources */,
				BC645CE2280B44970032B699 /* TabBarDelegate.swift in Sources */,
				BC645CC8280B13FE0032B699 /* SceneDelegate.swift in Sources */,
				BC645CEB280BEBA50032B699 /* HomeCoordinator.swift in Sources */,
			);
			runOnlyForDeploymentPostprocessing = 0;
		};
/* End PBXSourcesBuildPhase section */

/* Begin PBXVariantGroup section */
		BC645CD0280B14020032B699 /* LaunchScreen.storyboard */ = {
			isa = PBXVariantGroup;
			children = (
				BC645CD1280B14020032B699 /* Base */,
			);
			name = LaunchScreen.storyboard;
			sourceTree = "<group>";
		};
/* End PBXVariantGroup section */

/* Begin XCBuildConfiguration section */
		BC645CD4280B14020032B699 /* Debug */ = {
			isa = XCBuildConfiguration;
			buildSettings = {
				ALWAYS_SEARCH_USER_PATHS = NO;
				CLANG_ANALYZER_NONNULL = YES;
				CLANG_ANALYZER_NUMBER_OBJECT_CONVERSION = YES_AGGRESSIVE;
				CLANG_CXX_LANGUAGE_STANDARD = "gnu++17";
				CLANG_ENABLE_MODULES = YES;
				CLANG_ENABLE_OBJC_ARC = YES;
				CLANG_ENABLE_OBJC_WEAK = YES;
				CLANG_WARN_BLOCK_CAPTURE_AUTORELEASING = YES;
				CLANG_WARN_BOOL_CONVERSION = YES;
				CLANG_WARN_COMMA = YES;
				CLANG_WARN_CONSTANT_CONVERSION = YES;
				CLANG_WARN_DEPRECATED_OBJC_IMPLEMENTATIONS = YES;
				CLANG_WARN_DIRECT_OBJC_ISA_USAGE = YES_ERROR;
				CLANG_WARN_DOCUMENTATION_COMMENTS = YES;
				CLANG_WARN_EMPTY_BODY = YES;
				CLANG_WARN_ENUM_CONVERSION = YES;
				CLANG_WARN_INFINITE_RECURSION = YES;
				CLANG_WARN_INT_CONVERSION = YES;
				CLANG_WARN_NON_LITERAL_NULL_CONVERSION = YES;
				CLANG_WARN_OBJC_IMPLICIT_RETAIN_SELF = YES;
				CLANG_WARN_OBJC_LITERAL_CONVERSION = YES;
				CLANG_WARN_OBJC_ROOT_CLASS = YES_ERROR;
				CLANG_WARN_QUOTED_INCLUDE_IN_FRAMEWORK_HEADER = YES;
				CLANG_WARN_RANGE_LOOP_ANALYSIS = YES;
				CLANG_WARN_STRICT_PROTOTYPES = YES;
				CLANG_WARN_SUSPICIOUS_MOVE = YES;
				CLANG_WARN_UNGUARDED_AVAILABILITY = YES_AGGRESSIVE;
				CLANG_WARN_UNREACHABLE_CODE = YES;
				CLANG_WARN__DUPLICATE_METHOD_MATCH = YES;
				COPY_PHASE_STRIP = NO;
				DEBUG_INFORMATION_FORMAT = dwarf;
				ENABLE_STRICT_OBJC_MSGSEND = YES;
				ENABLE_TESTABILITY = YES;
				GCC_C_LANGUAGE_STANDARD = gnu11;
				GCC_DYNAMIC_NO_PIC = NO;
				GCC_NO_COMMON_BLOCKS = YES;
				GCC_OPTIMIZATION_LEVEL = 0;
				GCC_PREPROCESSOR_DEFINITIONS = (
					"DEBUG=1",
					"$(inherited)",
				);
				GCC_WARN_64_TO_32_BIT_CONVERSION = YES;
				GCC_WARN_ABOUT_RETURN_TYPE = YES_ERROR;
				GCC_WARN_UNDECLARED_SELECTOR = YES;
				GCC_WARN_UNINITIALIZED_AUTOS = YES_AGGRESSIVE;
				GCC_WARN_UNUSED_FUNCTION = YES;
				GCC_WARN_UNUSED_VARIABLE = YES;
				IPHONEOS_DEPLOYMENT_TARGET = 15.4;
				MTL_ENABLE_DEBUG_INFO = INCLUDE_SOURCE;
				MTL_FAST_MATH = YES;
				ONLY_ACTIVE_ARCH = YES;
				SDKROOT = iphoneos;
				SWIFT_ACTIVE_COMPILATION_CONDITIONS = DEBUG;
				SWIFT_OPTIMIZATION_LEVEL = "-Onone";
			};
			name = Debug;
		};
		BC645CD5280B14020032B699 /* Release */ = {
			isa = XCBuildConfiguration;
			buildSettings = {
				ALWAYS_SEARCH_USER_PATHS = NO;
				CLANG_ANALYZER_NONNULL = YES;
				CLANG_ANALYZER_NUMBER_OBJECT_CONVERSION = YES_AGGRESSIVE;
				CLANG_CXX_LANGUAGE_STANDARD = "gnu++17";
				CLANG_ENABLE_MODULES = YES;
				CLANG_ENABLE_OBJC_ARC = YES;
				CLANG_ENABLE_OBJC_WEAK = YES;
				CLANG_WARN_BLOCK_CAPTURE_AUTORELEASING = YES;
				CLANG_WARN_BOOL_CONVERSION = YES;
				CLANG_WARN_COMMA = YES;
				CLANG_WARN_CONSTANT_CONVERSION = YES;
				CLANG_WARN_DEPRECATED_OBJC_IMPLEMENTATIONS = YES;
				CLANG_WARN_DIRECT_OBJC_ISA_USAGE = YES_ERROR;
				CLANG_WARN_DOCUMENTATION_COMMENTS = YES;
				CLANG_WARN_EMPTY_BODY = YES;
				CLANG_WARN_ENUM_CONVERSION = YES;
				CLANG_WARN_INFINITE_RECURSION = YES;
				CLANG_WARN_INT_CONVERSION = YES;
				CLANG_WARN_NON_LITERAL_NULL_CONVERSION = YES;
				CLANG_WARN_OBJC_IMPLICIT_RETAIN_SELF = YES;
				CLANG_WARN_OBJC_LITERAL_CONVERSION = YES;
				CLANG_WARN_OBJC_ROOT_CLASS = YES_ERROR;
				CLANG_WARN_QUOTED_INCLUDE_IN_FRAMEWORK_HEADER = YES;
				CLANG_WARN_RANGE_LOOP_ANALYSIS = YES;
				CLANG_WARN_STRICT_PROTOTYPES = YES;
				CLANG_WARN_SUSPICIOUS_MOVE = YES;
				CLANG_WARN_UNGUARDED_AVAILABILITY = YES_AGGRESSIVE;
				CLANG_WARN_UNREACHABLE_CODE = YES;
				CLANG_WARN__DUPLICATE_METHOD_MATCH = YES;
				COPY_PHASE_STRIP = NO;
				DEBUG_INFORMATION_FORMAT = "dwarf-with-dsym";
				ENABLE_NS_ASSERTIONS = NO;
				ENABLE_STRICT_OBJC_MSGSEND = YES;
				GCC_C_LANGUAGE_STANDARD = gnu11;
				GCC_NO_COMMON_BLOCKS = YES;
				GCC_WARN_64_TO_32_BIT_CONVERSION = YES;
				GCC_WARN_ABOUT_RETURN_TYPE = YES_ERROR;
				GCC_WARN_UNDECLARED_SELECTOR = YES;
				GCC_WARN_UNINITIALIZED_AUTOS = YES_AGGRESSIVE;
				GCC_WARN_UNUSED_FUNCTION = YES;
				GCC_WARN_UNUSED_VARIABLE = YES;
				IPHONEOS_DEPLOYMENT_TARGET = 15.4;
				MTL_ENABLE_DEBUG_INFO = NO;
				MTL_FAST_MATH = YES;
				SDKROOT = iphoneos;
				SWIFT_COMPILATION_MODE = wholemodule;
				SWIFT_OPTIMIZATION_LEVEL = "-O";
				VALIDATE_PRODUCT = YES;
			};
			name = Release;
		};
		BC645CD7280B14020032B699 /* Debug */ = {
			isa = XCBuildConfiguration;
			buildSettings = {
				ASSETCATALOG_COMPILER_APPICON_NAME = AppIcon;
				ASSETCATALOG_COMPILER_GLOBAL_ACCENT_COLOR_NAME = AccentColor;
				CODE_SIGN_STYLE = Automatic;
				CURRENT_PROJECT_VERSION = 1;
				DEVELOPMENT_TEAM = 2TRX7KRHV3;
				GENERATE_INFOPLIST_FILE = YES;
				INFOPLIST_FILE = ratpenat/Info.plist;
				INFOPLIST_KEY_UIApplicationSupportsIndirectInputEvents = YES;
				INFOPLIST_KEY_UILaunchStoryboardName = LaunchScreen;
				INFOPLIST_KEY_UISupportedInterfaceOrientations_iPad = "UIInterfaceOrientationPortrait UIInterfaceOrientationPortraitUpsideDown UIInterfaceOrientationLandscapeLeft UIInterfaceOrientationLandscapeRight";
				INFOPLIST_KEY_UISupportedInterfaceOrientations_iPhone = "UIInterfaceOrientationPortrait UIInterfaceOrientationLandscapeLeft UIInterfaceOrientationLandscapeRight";
				LD_RUNPATH_SEARCH_PATHS = (
					"$(inherited)",
					"@executable_path/Frameworks",
				);
				MARKETING_VERSION = 1.0;
				PRODUCT_BUNDLE_IDENTIFIER = com.josealobato.ratpenat;
				PRODUCT_NAME = "$(TARGET_NAME)";
				SWIFT_EMIT_LOC_STRINGS = YES;
				SWIFT_VERSION = 5.0;
				TARGETED_DEVICE_FAMILY = 1;
			};
			name = Debug;
		};
		BC645CD8280B14020032B699 /* Release */ = {
			isa = XCBuildConfiguration;
			buildSettings = {
				ASSETCATALOG_COMPILER_APPICON_NAME = AppIcon;
				ASSETCATALOG_COMPILER_GLOBAL_ACCENT_COLOR_NAME = AccentColor;
				CODE_SIGN_STYLE = Automatic;
				CURRENT_PROJECT_VERSION = 1;
				DEVELOPMENT_TEAM = 2TRX7KRHV3;
				GENERATE_INFOPLIST_FILE = YES;
				INFOPLIST_FILE = ratpenat/Info.plist;
				INFOPLIST_KEY_UIApplicationSupportsIndirectInputEvents = YES;
				INFOPLIST_KEY_UILaunchStoryboardName = LaunchScreen;
				INFOPLIST_KEY_UISupportedInterfaceOrientations_iPad = "UIInterfaceOrientationPortrait UIInterfaceOrientationPortraitUpsideDown UIInterfaceOrientationLandscapeLeft UIInterfaceOrientationLandscapeRight";
				INFOPLIST_KEY_UISupportedInterfaceOrientations_iPhone = "UIInterfaceOrientationPortrait UIInterfaceOrientationLandscapeLeft UIInterfaceOrientationLandscapeRight";
				LD_RUNPATH_SEARCH_PATHS = (
					"$(inherited)",
					"@executable_path/Frameworks",
				);
				MARKETING_VERSION = 1.0;
				PRODUCT_BUNDLE_IDENTIFIER = com.josealobato.ratpenat;
				PRODUCT_NAME = "$(TARGET_NAME)";
				SWIFT_EMIT_LOC_STRINGS = YES;
				SWIFT_VERSION = 5.0;
				TARGETED_DEVICE_FAMILY = 1;
			};
			name = Release;
		};
/* End XCBuildConfiguration section */

/* Begin XCConfigurationList section */
		BC645CBD280B13FE0032B699 /* Build configuration list for PBXProject "ratpenat" */ = {
			isa = XCConfigurationList;
			buildConfigurations = (
				BC645CD4280B14020032B699 /* Debug */,
				BC645CD5280B14020032B699 /* Release */,
			);
			defaultConfigurationIsVisible = 0;
			defaultConfigurationName = Release;
		};
		BC645CD6280B14020032B699 /* Build configuration list for PBXNativeTarget "ratpenat" */ = {
			isa = XCConfigurationList;
			buildConfigurations = (
				BC645CD7280B14020032B699 /* Debug */,
				BC645CD8280B14020032B699 /* Release */,
			);
			defaultConfigurationIsVisible = 0;
			defaultConfigurationName = Release;
		};
/* End XCConfigurationList section */

/* Begin XCSwiftPackageProductDependency section */
		BC645CF7280BF74F0032B699 /* HomeFeature */ = {
			isa = XCSwiftPackageProductDependency;
			productName = HomeFeature;
		};
		BC645CF9280C1A700032B699 /* AllCollectionFeature */ = {
			isa = XCSwiftPackageProductDependency;
			productName = AllCollectionFeature;
		};
/* End XCSwiftPackageProductDependency section */
	};
	rootObject = BC645CBA280B13FE0032B699 /* Project object */;
}
