// !$*UTF8*$!
{
	archiveVersion = 1;
	classes = {
	};
	objectVersion = 56;
	objects = {

/* Begin PBXBuildFile section */
		B416DE572A07AC8D001D4208 /* Category+FromDataEntity.swift in Sources */ = {isa = PBXBuildFile; fileRef = B416DE562A07AC8D001D4208 /* Category+FromDataEntity.swift */; };
		B447946C29DECD8A00A7356D /* RStorage.json in Resources */ = {isa = PBXBuildFile; fileRef = B447946B29DECD8A00A7356D /* RStorage.json */; };
		B454034B29FFFF9100850702 /* Test-1.mp3 in Resources */ = {isa = PBXBuildFile; fileRef = B454034829FFFF9100850702 /* Test-1.mp3 */; };
		B454034C29FFFF9100850702 /* Test-2.mp3 in Resources */ = {isa = PBXBuildFile; fileRef = B454034929FFFF9100850702 /* Test-2.mp3 */; };
		B454034D29FFFF9100850702 /* Test-3.mp3 in Resources */ = {isa = PBXBuildFile; fileRef = B454034A29FFFF9100850702 /* Test-3.mp3 */; };
		B4695E5529FAE1F0007A9244 /* demoMP4.mp4 in Resources */ = {isa = PBXBuildFile; fileRef = B4695E5429FAE1CA007A9244 /* demoMP4.mp4 */; };
		B4695E5729FAE816007A9244 /* demoMP3.mp3 in Resources */ = {isa = PBXBuildFile; fileRef = B4695E5629FAE816007A9244 /* demoMP3.mp3 */; };
		B470D34F29EB0ACC005FA54B /* PlayerAdapter.swift in Sources */ = {isa = PBXBuildFile; fileRef = B470D34E29EB0ACC005FA54B /* PlayerAdapter.swift */; };
		B470D35129EB0C40005FA54B /* Player in Frameworks */ = {isa = PBXBuildFile; productRef = B470D35029EB0C40005FA54B /* Player */; };
		B48502A729DEC998002EB1B8 /* RData in Frameworks */ = {isa = PBXBuildFile; productRef = B48502A629DEC998002EB1B8 /* RData */; };
		B48B17D22A1A858300BAF69A /* QueueCollection in Frameworks */ = {isa = PBXBuildFile; productRef = B48B17D12A1A858300BAF69A /* QueueCollection */; };
		B48B17D42A1A869100BAF69A /* QueueCollectionAdapter.swift in Sources */ = {isa = PBXBuildFile; fileRef = B48B17D32A1A869100BAF69A /* QueueCollectionAdapter.swift */; };
		B49C264329CF59A900EF08C5 /* AppDelegate.swift in Sources */ = {isa = PBXBuildFile; fileRef = B49C264229CF59A900EF08C5 /* AppDelegate.swift */; };
		B49C264529CF59A900EF08C5 /* SceneDelegate.swift in Sources */ = {isa = PBXBuildFile; fileRef = B49C264429CF59A900EF08C5 /* SceneDelegate.swift */; };
		B49C264729CF59A900EF08C5 /* ViewController.swift in Sources */ = {isa = PBXBuildFile; fileRef = B49C264629CF59A900EF08C5 /* ViewController.swift */; };
		B49C264C29CF59AA00EF08C5 /* Assets.xcassets in Resources */ = {isa = PBXBuildFile; fileRef = B49C264B29CF59AA00EF08C5 /* Assets.xcassets */; };
		B49C264F29CF59AA00EF08C5 /* LaunchScreen.storyboard in Resources */ = {isa = PBXBuildFile; fileRef = B49C264D29CF59AA00EF08C5 /* LaunchScreen.storyboard */; };
		B49C265A29CF59AA00EF08C5 /* RatpenatTests.swift in Sources */ = {isa = PBXBuildFile; fileRef = B49C265929CF59AA00EF08C5 /* RatpenatTests.swift */; };
		B49C266429CF59AA00EF08C5 /* RatpenatUITests.swift in Sources */ = {isa = PBXBuildFile; fileRef = B49C266329CF59AA00EF08C5 /* RatpenatUITests.swift */; };
		B49C266629CF59AA00EF08C5 /* RatpenatUITestsLaunchTests.swift in Sources */ = {isa = PBXBuildFile; fileRef = B49C266529CF59AA00EF08C5 /* RatpenatUITestsLaunchTests.swift */; };
		B49C267329D0551B00EF08C5 /* HomeV.swift in Sources */ = {isa = PBXBuildFile; fileRef = B49C267229D0551B00EF08C5 /* HomeV.swift */; };
		B49C267529D0554700EF08C5 /* HomeVC.swift in Sources */ = {isa = PBXBuildFile; fileRef = B49C267429D0554700EF08C5 /* HomeVC.swift */; };
		B49C268029D05EB000EF08C5 /* Coordinator in Frameworks */ = {isa = PBXBuildFile; productRef = B49C267F29D05EB000EF08C5 /* Coordinator */; };
		B49C268429D05EB800EF08C5 /* JToolKit in Frameworks */ = {isa = PBXBuildFile; productRef = B49C268329D05EB800EF08C5 /* JToolKit */; };
		B49C268629D0622900EF08C5 /* AppCoordinator.swift in Sources */ = {isa = PBXBuildFile; fileRef = B49C268529D0622900EF08C5 /* AppCoordinator.swift */; };
		B49C268C29D0641600EF08C5 /* ManagersMapping.swift in Sources */ = {isa = PBXBuildFile; fileRef = B49C268B29D0641600EF08C5 /* ManagersMapping.swift */; };
		B49C268E29D0645C00EF08C5 /* DismissManager.swift in Sources */ = {isa = PBXBuildFile; fileRef = B49C268D29D0645C00EF08C5 /* DismissManager.swift */; };
		B4ADB40129D0B87400F09AB6 /* AppCoordinator+BuildRootViewController.swift in Sources */ = {isa = PBXBuildFile; fileRef = B4ADB40029D0B87400F09AB6 /* AppCoordinator+BuildRootViewController.swift */; };
		B4B5CD7529DDD7060094BD79 /* LectureCollection in Frameworks */ = {isa = PBXBuildFile; productRef = B4B5CD7429DDD7060094BD79 /* LectureCollection */; };
		B4B5CD7829DDD7910094BD79 /* LectureCollectionAdapter.swift in Sources */ = {isa = PBXBuildFile; fileRef = B4B5CD7729DDD7910094BD79 /* LectureCollectionAdapter.swift */; };
		B4B5CD7B29DDD9340094BD79 /* Lectures+FromDataEntity.swift in Sources */ = {isa = PBXBuildFile; fileRef = B4B5CD7A29DDD9340094BD79 /* Lectures+FromDataEntity.swift */; };
		B4C74FCA2A1E67FC00D57714 /* QueueManagementService in Frameworks */ = {isa = PBXBuildFile; productRef = B4C74FC92A1E67FC00D57714 /* QueueManagementService */; };
/* End PBXBuildFile section */

/* Begin PBXContainerItemProxy section */
		B49C265629CF59AA00EF08C5 /* PBXContainerItemProxy */ = {
			isa = PBXContainerItemProxy;
			containerPortal = B49C263729CF59A900EF08C5 /* Project object */;
			proxyType = 1;
			remoteGlobalIDString = B49C263E29CF59A900EF08C5;
			remoteInfo = Ratpenat;
		};
		B49C266029CF59AA00EF08C5 /* PBXContainerItemProxy */ = {
			isa = PBXContainerItemProxy;
			containerPortal = B49C263729CF59A900EF08C5 /* Project object */;
			proxyType = 1;
			remoteGlobalIDString = B49C263E29CF59A900EF08C5;
			remoteInfo = Ratpenat;
		};
/* End PBXContainerItemProxy section */

/* Begin PBXFileReference section */
		B416DE562A07AC8D001D4208 /* Category+FromDataEntity.swift */ = {isa = PBXFileReference; lastKnownFileType = sourcecode.swift; path = "Category+FromDataEntity.swift"; sourceTree = "<group>"; };
		B447946B29DECD8A00A7356D /* RStorage.json */ = {isa = PBXFileReference; lastKnownFileType = text.json; path = RStorage.json; sourceTree = "<group>"; };
		B447946D29DEDE2200A7356D /* Player */ = {isa = PBXFileReference; lastKnownFileType = wrapper; path = Player; sourceTree = "<group>"; };
		B454034829FFFF9100850702 /* Test-1.mp3 */ = {isa = PBXFileReference; lastKnownFileType = audio.mp3; path = "Test-1.mp3"; sourceTree = "<group>"; };
		B454034929FFFF9100850702 /* Test-2.mp3 */ = {isa = PBXFileReference; lastKnownFileType = audio.mp3; path = "Test-2.mp3"; sourceTree = "<group>"; };
		B454034A29FFFF9100850702 /* Test-3.mp3 */ = {isa = PBXFileReference; lastKnownFileType = audio.mp3; path = "Test-3.mp3"; sourceTree = "<group>"; };
		B4695E5429FAE1CA007A9244 /* demoMP4.mp4 */ = {isa = PBXFileReference; lastKnownFileType = file; path = demoMP4.mp4; sourceTree = "<group>"; };
		B4695E5629FAE816007A9244 /* demoMP3.mp3 */ = {isa = PBXFileReference; lastKnownFileType = audio.mp3; path = demoMP3.mp3; sourceTree = "<group>"; };
		B470D34E29EB0ACC005FA54B /* PlayerAdapter.swift */ = {isa = PBXFileReference; lastKnownFileType = sourcecode.swift; path = PlayerAdapter.swift; sourceTree = "<group>"; };
		B48502A929DECA74002EB1B8 /* JToolKit */ = {isa = PBXFileReference; lastKnownFileType = wrapper; path = JToolKit; sourceTree = "<group>"; };
		B48502AA29DECA96002EB1B8 /* Coordinator */ = {isa = PBXFileReference; lastKnownFileType = wrapper; path = Coordinator; sourceTree = "<group>"; };
		B48502AB29DECAA9002EB1B8 /* LectureCollection */ = {isa = PBXFileReference; lastKnownFileType = wrapper; path = LectureCollection; sourceTree = "<group>"; };
		B48502AC29DECB14002EB1B8 /* Entities */ = {isa = PBXFileReference; lastKnownFileType = wrapper; path = Entities; sourceTree = "<group>"; };
		B48B17D02A1A818800BAF69A /* QueueCollection */ = {isa = PBXFileReference; lastKnownFileType = wrapper; path = QueueCollection; sourceTree = "<group>"; };
		B48B17D32A1A869100BAF69A /* QueueCollectionAdapter.swift */ = {isa = PBXFileReference; lastKnownFileType = sourcecode.swift; path = QueueCollectionAdapter.swift; sourceTree = "<group>"; };
		B49C263F29CF59A900EF08C5 /* Ratpenat.app */ = {isa = PBXFileReference; explicitFileType = wrapper.application; includeInIndex = 0; path = Ratpenat.app; sourceTree = BUILT_PRODUCTS_DIR; };
		B49C264229CF59A900EF08C5 /* AppDelegate.swift */ = {isa = PBXFileReference; lastKnownFileType = sourcecode.swift; path = AppDelegate.swift; sourceTree = "<group>"; };
		B49C264429CF59A900EF08C5 /* SceneDelegate.swift */ = {isa = PBXFileReference; lastKnownFileType = sourcecode.swift; path = SceneDelegate.swift; sourceTree = "<group>"; };
		B49C264629CF59A900EF08C5 /* ViewController.swift */ = {isa = PBXFileReference; lastKnownFileType = sourcecode.swift; path = ViewController.swift; sourceTree = "<group>"; };
		B49C264B29CF59AA00EF08C5 /* Assets.xcassets */ = {isa = PBXFileReference; lastKnownFileType = folder.assetcatalog; path = Assets.xcassets; sourceTree = "<group>"; };
		B49C264E29CF59AA00EF08C5 /* Base */ = {isa = PBXFileReference; lastKnownFileType = file.storyboard; name = Base; path = Base.lproj/LaunchScreen.storyboard; sourceTree = "<group>"; };
		B49C265029CF59AA00EF08C5 /* Info.plist */ = {isa = PBXFileReference; lastKnownFileType = text.plist.xml; path = Info.plist; sourceTree = "<group>"; };
		B49C265529CF59AA00EF08C5 /* RatpenatTests.xctest */ = {isa = PBXFileReference; explicitFileType = wrapper.cfbundle; includeInIndex = 0; path = RatpenatTests.xctest; sourceTree = BUILT_PRODUCTS_DIR; };
		B49C265929CF59AA00EF08C5 /* RatpenatTests.swift */ = {isa = PBXFileReference; lastKnownFileType = sourcecode.swift; path = RatpenatTests.swift; sourceTree = "<group>"; };
		B49C265F29CF59AA00EF08C5 /* RatpenatUITests.xctest */ = {isa = PBXFileReference; explicitFileType = wrapper.cfbundle; includeInIndex = 0; path = RatpenatUITests.xctest; sourceTree = BUILT_PRODUCTS_DIR; };
		B49C266329CF59AA00EF08C5 /* RatpenatUITests.swift */ = {isa = PBXFileReference; lastKnownFileType = sourcecode.swift; path = RatpenatUITests.swift; sourceTree = "<group>"; };
		B49C266529CF59AA00EF08C5 /* RatpenatUITestsLaunchTests.swift */ = {isa = PBXFileReference; lastKnownFileType = sourcecode.swift; path = RatpenatUITestsLaunchTests.swift; sourceTree = "<group>"; };
		B49C267229D0551B00EF08C5 /* HomeV.swift */ = {isa = PBXFileReference; lastKnownFileType = sourcecode.swift; path = HomeV.swift; sourceTree = "<group>"; };
		B49C267429D0554700EF08C5 /* HomeVC.swift */ = {isa = PBXFileReference; lastKnownFileType = sourcecode.swift; path = HomeVC.swift; sourceTree = "<group>"; };
		B49C268529D0622900EF08C5 /* AppCoordinator.swift */ = {isa = PBXFileReference; lastKnownFileType = sourcecode.swift; path = AppCoordinator.swift; sourceTree = "<group>"; };
		B49C268B29D0641600EF08C5 /* ManagersMapping.swift */ = {isa = PBXFileReference; lastKnownFileType = sourcecode.swift; path = ManagersMapping.swift; sourceTree = "<group>"; };
		B49C268D29D0645C00EF08C5 /* DismissManager.swift */ = {isa = PBXFileReference; lastKnownFileType = sourcecode.swift; path = DismissManager.swift; sourceTree = "<group>"; };
		B4ADB40029D0B87400F09AB6 /* AppCoordinator+BuildRootViewController.swift */ = {isa = PBXFileReference; lastKnownFileType = sourcecode.swift; path = "AppCoordinator+BuildRootViewController.swift"; sourceTree = "<group>"; };
		B4B5CD7729DDD7910094BD79 /* LectureCollectionAdapter.swift */ = {isa = PBXFileReference; lastKnownFileType = sourcecode.swift; path = LectureCollectionAdapter.swift; sourceTree = "<group>"; };
		B4B5CD7A29DDD9340094BD79 /* Lectures+FromDataEntity.swift */ = {isa = PBXFileReference; lastKnownFileType = sourcecode.swift; path = "Lectures+FromDataEntity.swift"; sourceTree = "<group>"; };
		B4B5CD7C29DEC9460094BD79 /* RData */ = {isa = PBXFileReference; lastKnownFileType = wrapper; path = RData; sourceTree = "<group>"; };
		B4C74FC82A1E674F00D57714 /* QueueManagementService */ = {isa = PBXFileReference; lastKnownFileType = wrapper; path = QueueManagementService; sourceTree = "<group>"; };
/* End PBXFileReference section */

/* Begin PBXFrameworksBuildPhase section */
		B49C263C29CF59A900EF08C5 /* Frameworks */ = {
			isa = PBXFrameworksBuildPhase;
			buildActionMask = 2147483647;
			files = (
				B48B17D22A1A858300BAF69A /* QueueCollection in Frameworks */,
				B470D35129EB0C40005FA54B /* Player in Frameworks */,
				B4C74FCA2A1E67FC00D57714 /* QueueManagementService in Frameworks */,
				B49C268429D05EB800EF08C5 /* JToolKit in Frameworks */,
				B4B5CD7529DDD7060094BD79 /* LectureCollection in Frameworks */,
				B49C268029D05EB000EF08C5 /* Coordinator in Frameworks */,
				B48502A729DEC998002EB1B8 /* RData in Frameworks */,
			);
			runOnlyForDeploymentPostprocessing = 0;
		};
		B49C265229CF59AA00EF08C5 /* Frameworks */ = {
			isa = PBXFrameworksBuildPhase;
			buildActionMask = 2147483647;
			files = (
			);
			runOnlyForDeploymentPostprocessing = 0;
		};
		B49C265C29CF59AA00EF08C5 /* Frameworks */ = {
			isa = PBXFrameworksBuildPhase;
			buildActionMask = 2147483647;
			files = (
			);
			runOnlyForDeploymentPostprocessing = 0;
		};
/* End PBXFrameworksBuildPhase section */

/* Begin PBXGroup section */
		B49C263629CF59A900EF08C5 = {
			isa = PBXGroup;
			children = (
				B49C267A29D05A7E00EF08C5 /* Packages */,
				B49C264129CF59A900EF08C5 /* Ratpenat */,
				B49C265829CF59AA00EF08C5 /* RatpenatTests */,
				B49C266229CF59AA00EF08C5 /* RatpenatUITests */,
				B49C264029CF59A900EF08C5 /* Products */,
				B49C267E29D05EB000EF08C5 /* Frameworks */,
			);
			sourceTree = "<group>";
		};
		B49C264029CF59A900EF08C5 /* Products */ = {
			isa = PBXGroup;
			children = (
				B49C263F29CF59A900EF08C5 /* Ratpenat.app */,
				B49C265529CF59AA00EF08C5 /* RatpenatTests.xctest */,
				B49C265F29CF59AA00EF08C5 /* RatpenatUITests.xctest */,
			);
			name = Products;
			sourceTree = "<group>";
		};
		B49C264129CF59A900EF08C5 /* Ratpenat */ = {
			isa = PBXGroup;
			children = (
				B4B5CD7929DDD9090094BD79 /* Mappers */,
				B4B5CD7629DDD7780094BD79 /* Adapters */,
				B49C268729D0632700EF08C5 /* Coordinator */,
				B49C264229CF59A900EF08C5 /* AppDelegate.swift */,
				B49C264429CF59A900EF08C5 /* SceneDelegate.swift */,
				B49C264629CF59A900EF08C5 /* ViewController.swift */,
				B49C264B29CF59AA00EF08C5 /* Assets.xcassets */,
				B49C264D29CF59AA00EF08C5 /* LaunchScreen.storyboard */,
				B4695E5429FAE1CA007A9244 /* demoMP4.mp4 */,
				B4695E5629FAE816007A9244 /* demoMP3.mp3 */,
				B454034829FFFF9100850702 /* Test-1.mp3 */,
				B454034929FFFF9100850702 /* Test-2.mp3 */,
				B454034A29FFFF9100850702 /* Test-3.mp3 */,
				B49C265029CF59AA00EF08C5 /* Info.plist */,
				B447946B29DECD8A00A7356D /* RStorage.json */,
			);
			path = Ratpenat;
			sourceTree = "<group>";
		};
		B49C265829CF59AA00EF08C5 /* RatpenatTests */ = {
			isa = PBXGroup;
			children = (
				B49C265929CF59AA00EF08C5 /* RatpenatTests.swift */,
			);
			path = RatpenatTests;
			sourceTree = "<group>";
		};
		B49C266229CF59AA00EF08C5 /* RatpenatUITests */ = {
			isa = PBXGroup;
			children = (
				B49C266329CF59AA00EF08C5 /* RatpenatUITests.swift */,
				B49C266529CF59AA00EF08C5 /* RatpenatUITestsLaunchTests.swift */,
			);
			path = RatpenatUITests;
			sourceTree = "<group>";
		};
		B49C267A29D05A7E00EF08C5 /* Packages */ = {
			isa = PBXGroup;
			children = (
				B4C74FC82A1E674F00D57714 /* QueueManagementService */,
				B48B17D02A1A818800BAF69A /* QueueCollection */,
				B4B5CD7C29DEC9460094BD79 /* RData */,
				B48502A929DECA74002EB1B8 /* JToolKit */,
				B48502AA29DECA96002EB1B8 /* Coordinator */,
				B48502AB29DECAA9002EB1B8 /* LectureCollection */,
				B48502AC29DECB14002EB1B8 /* Entities */,
				B447946D29DEDE2200A7356D /* Player */,
			);
			path = Packages;
			sourceTree = "<group>";
		};
		B49C267E29D05EB000EF08C5 /* Frameworks */ = {
			isa = PBXGroup;
			children = (
			);
			name = Frameworks;
			sourceTree = "<group>";
		};
		B49C268729D0632700EF08C5 /* Coordinator */ = {
			isa = PBXGroup;
			children = (
				B49C268A29D063B700EF08C5 /* Services */,
				B49C268929D063B000EF08C5 /* Managers */,
				B49C268829D063AB00EF08C5 /* Context */,
				B49C267229D0551B00EF08C5 /* HomeV.swift */,
				B49C267429D0554700EF08C5 /* HomeVC.swift */,
				B4ADB40029D0B87400F09AB6 /* AppCoordinator+BuildRootViewController.swift */,
				B49C268529D0622900EF08C5 /* AppCoordinator.swift */,
			);
			path = Coordinator;
			sourceTree = "<group>";
		};
		B49C268829D063AB00EF08C5 /* Context */ = {
			isa = PBXGroup;
			children = (
			);
			path = Context;
			sourceTree = "<group>";
		};
		B49C268929D063B000EF08C5 /* Managers */ = {
			isa = PBXGroup;
			children = (
				B49C268B29D0641600EF08C5 /* ManagersMapping.swift */,
				B49C268D29D0645C00EF08C5 /* DismissManager.swift */,
			);
			path = Managers;
			sourceTree = "<group>";
		};
		B49C268A29D063B700EF08C5 /* Services */ = {
			isa = PBXGroup;
			children = (
			);
			path = Services;
			sourceTree = "<group>";
		};
		B4B5CD7629DDD7780094BD79 /* Adapters */ = {
			isa = PBXGroup;
			children = (
				B4B5CD7729DDD7910094BD79 /* LectureCollectionAdapter.swift */,
				B470D34E29EB0ACC005FA54B /* PlayerAdapter.swift */,
				B48B17D32A1A869100BAF69A /* QueueCollectionAdapter.swift */,
			);
			path = Adapters;
			sourceTree = "<group>";
		};
		B4B5CD7929DDD9090094BD79 /* Mappers */ = {
			isa = PBXGroup;
			children = (
				B4B5CD7A29DDD9340094BD79 /* Lectures+FromDataEntity.swift */,
				B416DE562A07AC8D001D4208 /* Category+FromDataEntity.swift */,
			);
			path = Mappers;
			sourceTree = "<group>";
		};
/* End PBXGroup section */

/* Begin PBXNativeTarget section */
		B49C263E29CF59A900EF08C5 /* Ratpenat */ = {
			isa = PBXNativeTarget;
			buildConfigurationList = B49C266929CF59AA00EF08C5 /* Build configuration list for PBXNativeTarget "Ratpenat" */;
			buildPhases = (
				B49C263B29CF59A900EF08C5 /* Sources */,
				B49C263C29CF59A900EF08C5 /* Frameworks */,
				B49C263D29CF59A900EF08C5 /* Resources */,
			);
			buildRules = (
			);
			dependencies = (
			);
			name = Ratpenat;
			packageProductDependencies = (
				B49C267F29D05EB000EF08C5 /* Coordinator */,
				B49C268329D05EB800EF08C5 /* JToolKit */,
				B4B5CD7429DDD7060094BD79 /* LectureCollection */,
				B48502A629DEC998002EB1B8 /* RData */,
				B470D35029EB0C40005FA54B /* Player */,
				B48B17D12A1A858300BAF69A /* QueueCollection */,
				B4C74FC92A1E67FC00D57714 /* QueueManagementService */,
			);
			productName = Ratpenat;
			productReference = B49C263F29CF59A900EF08C5 /* Ratpenat.app */;
			productType = "com.apple.product-type.application";
		};
		B49C265429CF59AA00EF08C5 /* RatpenatTests */ = {
			isa = PBXNativeTarget;
			buildConfigurationList = B49C266C29CF59AA00EF08C5 /* Build configuration list for PBXNativeTarget "RatpenatTests" */;
			buildPhases = (
				B49C265129CF59AA00EF08C5 /* Sources */,
				B49C265229CF59AA00EF08C5 /* Frameworks */,
				B49C265329CF59AA00EF08C5 /* Resources */,
			);
			buildRules = (
			);
			dependencies = (
				B49C265729CF59AA00EF08C5 /* PBXTargetDependency */,
			);
			name = RatpenatTests;
			productName = RatpenatTests;
			productReference = B49C265529CF59AA00EF08C5 /* RatpenatTests.xctest */;
			productType = "com.apple.product-type.bundle.unit-test";
		};
		B49C265E29CF59AA00EF08C5 /* RatpenatUITests */ = {
			isa = PBXNativeTarget;
			buildConfigurationList = B49C266F29CF59AA00EF08C5 /* Build configuration list for PBXNativeTarget "RatpenatUITests" */;
			buildPhases = (
				B49C265B29CF59AA00EF08C5 /* Sources */,
				B49C265C29CF59AA00EF08C5 /* Frameworks */,
				B49C265D29CF59AA00EF08C5 /* Resources */,
			);
			buildRules = (
			);
			dependencies = (
				B49C266129CF59AA00EF08C5 /* PBXTargetDependency */,
			);
			name = RatpenatUITests;
			productName = RatpenatUITests;
			productReference = B49C265F29CF59AA00EF08C5 /* RatpenatUITests.xctest */;
			productType = "com.apple.product-type.bundle.ui-testing";
		};
/* End PBXNativeTarget section */

/* Begin PBXProject section */
		B49C263729CF59A900EF08C5 /* Project object */ = {
			isa = PBXProject;
			attributes = {
				BuildIndependentTargetsInParallel = 1;
				LastSwiftUpdateCheck = 1420;
				LastUpgradeCheck = 1420;
				TargetAttributes = {
					B49C263E29CF59A900EF08C5 = {
						CreatedOnToolsVersion = 14.2;
					};
					B49C265429CF59AA00EF08C5 = {
						CreatedOnToolsVersion = 14.2;
						TestTargetID = B49C263E29CF59A900EF08C5;
					};
					B49C265E29CF59AA00EF08C5 = {
						CreatedOnToolsVersion = 14.2;
						TestTargetID = B49C263E29CF59A900EF08C5;
					};
				};
			};
			buildConfigurationList = B49C263A29CF59A900EF08C5 /* Build configuration list for PBXProject "Ratpenat" */;
			compatibilityVersion = "Xcode 14.0";
			developmentRegion = en;
			hasScannedForEncodings = 0;
			knownRegions = (
				en,
				Base,
			);
			mainGroup = B49C263629CF59A900EF08C5;
			productRefGroup = B49C264029CF59A900EF08C5 /* Products */;
			projectDirPath = "";
			projectRoot = "";
			targets = (
				B49C263E29CF59A900EF08C5 /* Ratpenat */,
				B49C265429CF59AA00EF08C5 /* RatpenatTests */,
				B49C265E29CF59AA00EF08C5 /* RatpenatUITests */,
			);
		};
/* End PBXProject section */

/* Begin PBXResourcesBuildPhase section */
		B49C263D29CF59A900EF08C5 /* Resources */ = {
			isa = PBXResourcesBuildPhase;
			buildActionMask = 2147483647;
			files = (
				B454034D29FFFF9100850702 /* Test-3.mp3 in Resources */,
				B4695E5729FAE816007A9244 /* demoMP3.mp3 in Resources */,
				B454034C29FFFF9100850702 /* Test-2.mp3 in Resources */,
				B4695E5529FAE1F0007A9244 /* demoMP4.mp4 in Resources */,
				B454034B29FFFF9100850702 /* Test-1.mp3 in Resources */,
				B49C264F29CF59AA00EF08C5 /* LaunchScreen.storyboard in Resources */,
				B447946C29DECD8A00A7356D /* RStorage.json in Resources */,
				B49C264C29CF59AA00EF08C5 /* Assets.xcassets in Resources */,
			);
			runOnlyForDeploymentPostprocessing = 0;
		};
		B49C265329CF59AA00EF08C5 /* Resources */ = {
			isa = PBXResourcesBuildPhase;
			buildActionMask = 2147483647;
			files = (
			);
			runOnlyForDeploymentPostprocessing = 0;
		};
		B49C265D29CF59AA00EF08C5 /* Resources */ = {
			isa = PBXResourcesBuildPhase;
			buildActionMask = 2147483647;
			files = (
			);
			runOnlyForDeploymentPostprocessing = 0;
		};
/* End PBXResourcesBuildPhase section */

/* Begin PBXSourcesBuildPhase section */
		B49C263B29CF59A900EF08C5 /* Sources */ = {
			isa = PBXSourcesBuildPhase;
			buildActionMask = 2147483647;
			files = (
				B49C268C29D0641600EF08C5 /* ManagersMapping.swift in Sources */,
				B49C268629D0622900EF08C5 /* AppCoordinator.swift in Sources */,
				B49C264729CF59A900EF08C5 /* ViewController.swift in Sources */,
				B49C267529D0554700EF08C5 /* HomeVC.swift in Sources */,
				B470D34F29EB0ACC005FA54B /* PlayerAdapter.swift in Sources */,
				B416DE572A07AC8D001D4208 /* Category+FromDataEntity.swift in Sources */,
				B4B5CD7B29DDD9340094BD79 /* Lectures+FromDataEntity.swift in Sources */,
				B49C267329D0551B00EF08C5 /* HomeV.swift in Sources */,
				B49C264329CF59A900EF08C5 /* AppDelegate.swift in Sources */,
				B49C268E29D0645C00EF08C5 /* DismissManager.swift in Sources */,
				B49C264529CF59A900EF08C5 /* SceneDelegate.swift in Sources */,
				B4B5CD7829DDD7910094BD79 /* LectureCollectionAdapter.swift in Sources */,
				B4ADB40129D0B87400F09AB6 /* AppCoordinator+BuildRootViewController.swift in Sources */,
				B48B17D42A1A869100BAF69A /* QueueCollectionAdapter.swift in Sources */,
			);
			runOnlyForDeploymentPostprocessing = 0;
		};
		B49C265129CF59AA00EF08C5 /* Sources */ = {
			isa = PBXSourcesBuildPhase;
			buildActionMask = 2147483647;
			files = (
				B49C265A29CF59AA00EF08C5 /* RatpenatTests.swift in Sources */,
			);
			runOnlyForDeploymentPostprocessing = 0;
		};
		B49C265B29CF59AA00EF08C5 /* Sources */ = {
			isa = PBXSourcesBuildPhase;
			buildActionMask = 2147483647;
			files = (
				B49C266629CF59AA00EF08C5 /* RatpenatUITestsLaunchTests.swift in Sources */,
				B49C266429CF59AA00EF08C5 /* RatpenatUITests.swift in Sources */,
			);
			runOnlyForDeploymentPostprocessing = 0;
		};
/* End PBXSourcesBuildPhase section */

/* Begin PBXTargetDependency section */
		B49C265729CF59AA00EF08C5 /* PBXTargetDependency */ = {
			isa = PBXTargetDependency;
			target = B49C263E29CF59A900EF08C5 /* Ratpenat */;
			targetProxy = B49C265629CF59AA00EF08C5 /* PBXContainerItemProxy */;
		};
		B49C266129CF59AA00EF08C5 /* PBXTargetDependency */ = {
			isa = PBXTargetDependency;
			target = B49C263E29CF59A900EF08C5 /* Ratpenat */;
			targetProxy = B49C266029CF59AA00EF08C5 /* PBXContainerItemProxy */;
		};
/* End PBXTargetDependency section */

/* Begin PBXVariantGroup section */
		B49C264D29CF59AA00EF08C5 /* LaunchScreen.storyboard */ = {
			isa = PBXVariantGroup;
			children = (
				B49C264E29CF59AA00EF08C5 /* Base */,
			);
			name = LaunchScreen.storyboard;
			sourceTree = "<group>";
		};
/* End PBXVariantGroup section */

/* Begin XCBuildConfiguration section */
		B49C266729CF59AA00EF08C5 /* Debug */ = {
			isa = XCBuildConfiguration;
			buildSettings = {
				ALWAYS_SEARCH_USER_PATHS = NO;
				CLANG_ANALYZER_NONNULL = YES;
				CLANG_ANALYZER_NUMBER_OBJECT_CONVERSION = YES_AGGRESSIVE;
				CLANG_CXX_LANGUAGE_STANDARD = "gnu++20";
				CLANG_ENABLE_MODULES = YES;
				CLANG_ENABLE_OBJC_ARC = YES;
				CLANG_ENABLE_OBJC_WEAK = YES;
				CLANG_WARN_BLOCK_CAPTURE_AUTORELEASING = YES;
				CLANG_WARN_BOOL_CONVERSION = YES;
				CLANG_WARN_COMMA = YES;
				CLANG_WARN_CONSTANT_CONVERSION = YES;
				CLANG_WARN_DEPRECATED_OBJC_IMPLEMENTATIONS = YES;
				CLANG_WARN_DIRECT_OBJC_ISA_USAGE = YES_ERROR;
				CLANG_WARN_DOCUMENTATION_COMMENTS = YES;
				CLANG_WARN_EMPTY_BODY = YES;
				CLANG_WARN_ENUM_CONVERSION = YES;
				CLANG_WARN_INFINITE_RECURSION = YES;
				CLANG_WARN_INT_CONVERSION = YES;
				CLANG_WARN_NON_LITERAL_NULL_CONVERSION = YES;
				CLANG_WARN_OBJC_IMPLICIT_RETAIN_SELF = YES;
				CLANG_WARN_OBJC_LITERAL_CONVERSION = YES;
				CLANG_WARN_OBJC_ROOT_CLASS = YES_ERROR;
				CLANG_WARN_QUOTED_INCLUDE_IN_FRAMEWORK_HEADER = YES;
				CLANG_WARN_RANGE_LOOP_ANALYSIS = YES;
				CLANG_WARN_STRICT_PROTOTYPES = YES;
				CLANG_WARN_SUSPICIOUS_MOVE = YES;
				CLANG_WARN_UNGUARDED_AVAILABILITY = YES_AGGRESSIVE;
				CLANG_WARN_UNREACHABLE_CODE = YES;
				CLANG_WARN__DUPLICATE_METHOD_MATCH = YES;
				COPY_PHASE_STRIP = NO;
				DEBUG_INFORMATION_FORMAT = dwarf;
				ENABLE_STRICT_OBJC_MSGSEND = YES;
				ENABLE_TESTABILITY = YES;
				GCC_C_LANGUAGE_STANDARD = gnu11;
				GCC_DYNAMIC_NO_PIC = NO;
				GCC_NO_COMMON_BLOCKS = YES;
				GCC_OPTIMIZATION_LEVEL = 0;
				GCC_PREPROCESSOR_DEFINITIONS = (
					"DEBUG=1",
					"$(inherited)",
				);
				GCC_WARN_64_TO_32_BIT_CONVERSION = YES;
				GCC_WARN_ABOUT_RETURN_TYPE = YES_ERROR;
				GCC_WARN_UNDECLARED_SELECTOR = YES;
				GCC_WARN_UNINITIALIZED_AUTOS = YES_AGGRESSIVE;
				GCC_WARN_UNUSED_FUNCTION = YES;
				GCC_WARN_UNUSED_VARIABLE = YES;
				IPHONEOS_DEPLOYMENT_TARGET = 16.2;
				MTL_ENABLE_DEBUG_INFO = INCLUDE_SOURCE;
				MTL_FAST_MATH = YES;
				ONLY_ACTIVE_ARCH = YES;
				SDKROOT = iphoneos;
				SWIFT_ACTIVE_COMPILATION_CONDITIONS = DEBUG;
				SWIFT_OPTIMIZATION_LEVEL = "-Onone";
			};
			name = Debug;
		};
		B49C266829CF59AA00EF08C5 /* Release */ = {
			isa = XCBuildConfiguration;
			buildSettings = {
				ALWAYS_SEARCH_USER_PATHS = NO;
				CLANG_ANALYZER_NONNULL = YES;
				CLANG_ANALYZER_NUMBER_OBJECT_CONVERSION = YES_AGGRESSIVE;
				CLANG_CXX_LANGUAGE_STANDARD = "gnu++20";
				CLANG_ENABLE_MODULES = YES;
				CLANG_ENABLE_OBJC_ARC = YES;
				CLANG_ENABLE_OBJC_WEAK = YES;
				CLANG_WARN_BLOCK_CAPTURE_AUTORELEASING = YES;
				CLANG_WARN_BOOL_CONVERSION = YES;
				CLANG_WARN_COMMA = YES;
				CLANG_WARN_CONSTANT_CONVERSION = YES;
				CLANG_WARN_DEPRECATED_OBJC_IMPLEMENTATIONS = YES;
				CLANG_WARN_DIRECT_OBJC_ISA_USAGE = YES_ERROR;
				CLANG_WARN_DOCUMENTATION_COMMENTS = YES;
				CLANG_WARN_EMPTY_BODY = YES;
				CLANG_WARN_ENUM_CONVERSION = YES;
				CLANG_WARN_INFINITE_RECURSION = YES;
				CLANG_WARN_INT_CONVERSION = YES;
				CLANG_WARN_NON_LITERAL_NULL_CONVERSION = YES;
				CLANG_WARN_OBJC_IMPLICIT_RETAIN_SELF = YES;
				CLANG_WARN_OBJC_LITERAL_CONVERSION = YES;
				CLANG_WARN_OBJC_ROOT_CLASS = YES_ERROR;
				CLANG_WARN_QUOTED_INCLUDE_IN_FRAMEWORK_HEADER = YES;
				CLANG_WARN_RANGE_LOOP_ANALYSIS = YES;
				CLANG_WARN_STRICT_PROTOTYPES = YES;
				CLANG_WARN_SUSPICIOUS_MOVE = YES;
				CLANG_WARN_UNGUARDED_AVAILABILITY = YES_AGGRESSIVE;
				CLANG_WARN_UNREACHABLE_CODE = YES;
				CLANG_WARN__DUPLICATE_METHOD_MATCH = YES;
				COPY_PHASE_STRIP = NO;
				DEBUG_INFORMATION_FORMAT = "dwarf-with-dsym";
				ENABLE_NS_ASSERTIONS = NO;
				ENABLE_STRICT_OBJC_MSGSEND = YES;
				GCC_C_LANGUAGE_STANDARD = gnu11;
				GCC_NO_COMMON_BLOCKS = YES;
				GCC_WARN_64_TO_32_BIT_CONVERSION = YES;
				GCC_WARN_ABOUT_RETURN_TYPE = YES_ERROR;
				GCC_WARN_UNDECLARED_SELECTOR = YES;
				GCC_WARN_UNINITIALIZED_AUTOS = YES_AGGRESSIVE;
				GCC_WARN_UNUSED_FUNCTION = YES;
				GCC_WARN_UNUSED_VARIABLE = YES;
				IPHONEOS_DEPLOYMENT_TARGET = 16.2;
				MTL_ENABLE_DEBUG_INFO = NO;
				MTL_FAST_MATH = YES;
				SDKROOT = iphoneos;
				SWIFT_COMPILATION_MODE = wholemodule;
				SWIFT_OPTIMIZATION_LEVEL = "-O";
				VALIDATE_PRODUCT = YES;
			};
			name = Release;
		};
		B49C266A29CF59AA00EF08C5 /* Debug */ = {
			isa = XCBuildConfiguration;
			buildSettings = {
				ASSETCATALOG_COMPILER_APPICON_NAME = AppIcon;
				ASSETCATALOG_COMPILER_GLOBAL_ACCENT_COLOR_NAME = AccentColor;
				CODE_SIGN_STYLE = Automatic;
				CURRENT_PROJECT_VERSION = 1;
				GENERATE_INFOPLIST_FILE = YES;
				INFOPLIST_FILE = Ratpenat/Info.plist;
				INFOPLIST_KEY_UIApplicationSupportsIndirectInputEvents = YES;
				INFOPLIST_KEY_UILaunchStoryboardName = LaunchScreen;
				INFOPLIST_KEY_UIMainStoryboardFile = "";
				INFOPLIST_KEY_UISupportedInterfaceOrientations_iPad = "UIInterfaceOrientationPortrait UIInterfaceOrientationPortraitUpsideDown UIInterfaceOrientationLandscapeLeft UIInterfaceOrientationLandscapeRight";
				INFOPLIST_KEY_UISupportedInterfaceOrientations_iPhone = "UIInterfaceOrientationPortrait UIInterfaceOrientationLandscapeLeft UIInterfaceOrientationLandscapeRight";
				LD_RUNPATH_SEARCH_PATHS = (
					"$(inherited)",
					"@executable_path/Frameworks",
				);
				MARKETING_VERSION = 1.0;
				PRODUCT_BUNDLE_IDENTIFIER = josealobato.Ratpenat;
				PRODUCT_NAME = "$(TARGET_NAME)";
				SWIFT_EMIT_LOC_STRINGS = YES;
				SWIFT_VERSION = 5.0;
				TARGETED_DEVICE_FAMILY = "1,2";
			};
			name = Debug;
		};
		B49C266B29CF59AA00EF08C5 /* Release */ = {
			isa = XCBuildConfiguration;
			buildSettings = {
				ASSETCATALOG_COMPILER_APPICON_NAME = AppIcon;
				ASSETCATALOG_COMPILER_GLOBAL_ACCENT_COLOR_NAME = AccentColor;
				CODE_SIGN_STYLE = Automatic;
				CURRENT_PROJECT_VERSION = 1;
				GENERATE_INFOPLIST_FILE = YES;
				INFOPLIST_FILE = Ratpenat/Info.plist;
				INFOPLIST_KEY_UIApplicationSupportsIndirectInputEvents = YES;
				INFOPLIST_KEY_UILaunchStoryboardName = LaunchScreen;
				INFOPLIST_KEY_UIMainStoryboardFile = "";
				INFOPLIST_KEY_UISupportedInterfaceOrientations_iPad = "UIInterfaceOrientationPortrait UIInterfaceOrientationPortraitUpsideDown UIInterfaceOrientationLandscapeLeft UIInterfaceOrientationLandscapeRight";
				INFOPLIST_KEY_UISupportedInterfaceOrientations_iPhone = "UIInterfaceOrientationPortrait UIInterfaceOrientationLandscapeLeft UIInterfaceOrientationLandscapeRight";
				LD_RUNPATH_SEARCH_PATHS = (
					"$(inherited)",
					"@executable_path/Frameworks",
				);
				MARKETING_VERSION = 1.0;
				PRODUCT_BUNDLE_IDENTIFIER = josealobato.Ratpenat;
				PRODUCT_NAME = "$(TARGET_NAME)";
				SWIFT_EMIT_LOC_STRINGS = YES;
				SWIFT_VERSION = 5.0;
				TARGETED_DEVICE_FAMILY = "1,2";
			};
			name = Release;
		};
		B49C266D29CF59AA00EF08C5 /* Debug */ = {
			isa = XCBuildConfiguration;
			buildSettings = {
				ALWAYS_EMBED_SWIFT_STANDARD_LIBRARIES = YES;
				BUNDLE_LOADER = "$(TEST_HOST)";
				CODE_SIGN_STYLE = Automatic;
				CURRENT_PROJECT_VERSION = 1;
				GENERATE_INFOPLIST_FILE = YES;
				IPHONEOS_DEPLOYMENT_TARGET = 16.2;
				MARKETING_VERSION = 1.0;
				PRODUCT_BUNDLE_IDENTIFIER = josealobato.RatpenatTests;
				PRODUCT_NAME = "$(TARGET_NAME)";
				SWIFT_EMIT_LOC_STRINGS = NO;
				SWIFT_VERSION = 5.0;
				TARGETED_DEVICE_FAMILY = "1,2";
				TEST_HOST = "$(BUILT_PRODUCTS_DIR)/Ratpenat.app/$(BUNDLE_EXECUTABLE_FOLDER_PATH)/Ratpenat";
			};
			name = Debug;
		};
		B49C266E29CF59AA00EF08C5 /* Release */ = {
			isa = XCBuildConfiguration;
			buildSettings = {
				ALWAYS_EMBED_SWIFT_STANDARD_LIBRARIES = YES;
				BUNDLE_LOADER = "$(TEST_HOST)";
				CODE_SIGN_STYLE = Automatic;
				CURRENT_PROJECT_VERSION = 1;
				GENERATE_INFOPLIST_FILE = YES;
				IPHONEOS_DEPLOYMENT_TARGET = 16.2;
				MARKETING_VERSION = 1.0;
				PRODUCT_BUNDLE_IDENTIFIER = josealobato.RatpenatTests;
				PRODUCT_NAME = "$(TARGET_NAME)";
				SWIFT_EMIT_LOC_STRINGS = NO;
				SWIFT_VERSION = 5.0;
				TARGETED_DEVICE_FAMILY = "1,2";
				TEST_HOST = "$(BUILT_PRODUCTS_DIR)/Ratpenat.app/$(BUNDLE_EXECUTABLE_FOLDER_PATH)/Ratpenat";
			};
			name = Release;
		};
		B49C267029CF59AA00EF08C5 /* Debug */ = {
			isa = XCBuildConfiguration;
			buildSettings = {
				ALWAYS_EMBED_SWIFT_STANDARD_LIBRARIES = YES;
				CODE_SIGN_STYLE = Automatic;
				CURRENT_PROJECT_VERSION = 1;
				GENERATE_INFOPLIST_FILE = YES;
				MARKETING_VERSION = 1.0;
				PRODUCT_BUNDLE_IDENTIFIER = josealobato.RatpenatUITests;
				PRODUCT_NAME = "$(TARGET_NAME)";
				SWIFT_EMIT_LOC_STRINGS = NO;
				SWIFT_VERSION = 5.0;
				TARGETED_DEVICE_FAMILY = "1,2";
				TEST_TARGET_NAME = Ratpenat;
			};
			name = Debug;
		};
		B49C267129CF59AA00EF08C5 /* Release */ = {
			isa = XCBuildConfiguration;
			buildSettings = {
				ALWAYS_EMBED_SWIFT_STANDARD_LIBRARIES = YES;
				CODE_SIGN_STYLE = Automatic;
				CURRENT_PROJECT_VERSION = 1;
				GENERATE_INFOPLIST_FILE = YES;
				MARKETING_VERSION = 1.0;
				PRODUCT_BUNDLE_IDENTIFIER = josealobato.RatpenatUITests;
				PRODUCT_NAME = "$(TARGET_NAME)";
				SWIFT_EMIT_LOC_STRINGS = NO;
				SWIFT_VERSION = 5.0;
				TARGETED_DEVICE_FAMILY = "1,2";
				TEST_TARGET_NAME = Ratpenat;
			};
			name = Release;
		};
/* End XCBuildConfiguration section */

/* Begin XCConfigurationList section */
		B49C263A29CF59A900EF08C5 /* Build configuration list for PBXProject "Ratpenat" */ = {
			isa = XCConfigurationList;
			buildConfigurations = (
				B49C266729CF59AA00EF08C5 /* Debug */,
				B49C266829CF59AA00EF08C5 /* Release */,
			);
			defaultConfigurationIsVisible = 0;
			defaultConfigurationName = Release;
		};
		B49C266929CF59AA00EF08C5 /* Build configuration list for PBXNativeTarget "Ratpenat" */ = {
			isa = XCConfigurationList;
			buildConfigurations = (
				B49C266A29CF59AA00EF08C5 /* Debug */,
				B49C266B29CF59AA00EF08C5 /* Release */,
			);
			defaultConfigurationIsVisible = 0;
			defaultConfigurationName = Release;
		};
		B49C266C29CF59AA00EF08C5 /* Build configuration list for PBXNativeTarget "RatpenatTests" */ = {
			isa = XCConfigurationList;
			buildConfigurations = (
				B49C266D29CF59AA00EF08C5 /* Debug */,
				B49C266E29CF59AA00EF08C5 /* Release */,
			);
			defaultConfigurationIsVisible = 0;
			defaultConfigurationName = Release;
		};
		B49C266F29CF59AA00EF08C5 /* Build configuration list for PBXNativeTarget "RatpenatUITests" */ = {
			isa = XCConfigurationList;
			buildConfigurations = (
				B49C267029CF59AA00EF08C5 /* Debug */,
				B49C267129CF59AA00EF08C5 /* Release */,
			);
			defaultConfigurationIsVisible = 0;
			defaultConfigurationName = Release;
		};
/* End XCConfigurationList section */

/* Begin XCSwiftPackageProductDependency section */
		B470D35029EB0C40005FA54B /* Player */ = {
			isa = XCSwiftPackageProductDependency;
			productName = Player;
		};
		B48502A629DEC998002EB1B8 /* RData */ = {
			isa = XCSwiftPackageProductDependency;
			productName = RData;
		};
		B48B17D12A1A858300BAF69A /* QueueCollection */ = {
			isa = XCSwiftPackageProductDependency;
			productName = QueueCollection;
		};
		B49C267F29D05EB000EF08C5 /* Coordinator */ = {
			isa = XCSwiftPackageProductDependency;
			productName = Coordinator;
		};
		B49C268329D05EB800EF08C5 /* JToolKit */ = {
			isa = XCSwiftPackageProductDependency;
			productName = JToolKit;
		};
		B4B5CD7429DDD7060094BD79 /* LectureCollection */ = {
			isa = XCSwiftPackageProductDependency;
			productName = LectureCollection;
		};
		B4C74FC92A1E67FC00D57714 /* QueueManagementService */ = {
			isa = XCSwiftPackageProductDependency;
			productName = QueueManagementService;
		};
/* End XCSwiftPackageProductDependency section */
	};
	rootObject = B49C263729CF59A900EF08C5 /* Project object */;
}
